// !$*UTF8*$!
{
	archiveVersion = 1;
	classes = {
	};
	objectVersion = 56;
	objects = {

/* Begin PBXBuildFile section */
		743B534D2BB78A65008665E4 /* SENG_5199_Assignment4App.swift in Sources */ = {isa = PBXBuildFile; fileRef = 743B534C2BB78A65008665E4 /* SENG_5199_Assignment4App.swift */; };
		743B534F2BB78A65008665E4 /* ContentView.swift in Sources */ = {isa = PBXBuildFile; fileRef = 743B534E2BB78A65008665E4 /* ContentView.swift */; };
		743B53512BB78A65008665E4 /* Item.swift in Sources */ = {isa = PBXBuildFile; fileRef = 743B53502BB78A65008665E4 /* Item.swift */; };
		743B53532BB78A66008665E4 /* Assets.xcassets in Resources */ = {isa = PBXBuildFile; fileRef = 743B53522BB78A66008665E4 /* Assets.xcassets */; };
		743B53562BB78A66008665E4 /* Preview Assets.xcassets in Resources */ = {isa = PBXBuildFile; fileRef = 743B53552BB78A66008665E4 /* Preview Assets.xcassets */; };
		743B535E2BB78BA1008665E4 /* MadLib.swift in Sources */ = {isa = PBXBuildFile; fileRef = 743B535D2BB78BA1008665E4 /* MadLib.swift */; };
		743B53642BB78CB1008665E4 /* MadLibService.swift in Sources */ = {isa = PBXBuildFile; fileRef = 743B53632BB78CB1008665E4 /* MadLibService.swift */; };
		743B53662BB78E48008665E4 /* MadLibQuestionView.swift in Sources */ = {isa = PBXBuildFile; fileRef = 743B53652BB78E48008665E4 /* MadLibQuestionView.swift */; };
		743B53692BB79012008665E4 /* MadLibView.swift in Sources */ = {isa = PBXBuildFile; fileRef = 743B53682BB79012008665E4 /* MadLibView.swift */; };
		743B536C2BB7909C008665E4 /* CompletedView.swift in Sources */ = {isa = PBXBuildFile; fileRef = 743B536B2BB7909C008665E4 /* CompletedView.swift */; };
		743B536E2BB790A9008665E4 /* CompletedAnswerView.swift in Sources */ = {isa = PBXBuildFile; fileRef = 743B536D2BB790A9008665E4 /* CompletedAnswerView.swift */; };
		743B53702BB79182008665E4 /* MadLibResponse.swift in Sources */ = {isa = PBXBuildFile; fileRef = 743B536F2BB79182008665E4 /* MadLibResponse.swift */; };
		743B53722BB79912008665E4 /* FilledOutMadLib.swift in Sources */ = {isa = PBXBuildFile; fileRef = 743B53712BB79912008665E4 /* FilledOutMadLib.swift */; };
		743B53742BB7A1B6008665E4 /* MadLibAnswerResponse.swift in Sources */ = {isa = PBXBuildFile; fileRef = 743B53732BB7A1B6008665E4 /* MadLibAnswerResponse.swift */; };
		743B53762BB8AA91008665E4 /* LoadingIndicatorView.swift in Sources */ = {isa = PBXBuildFile; fileRef = 743B53752BB8AA91008665E4 /* LoadingIndicatorView.swift */; };
/* End PBXBuildFile section */

/* Begin PBXFileReference section */
		743B53492BB78A65008665E4 /* SENG-5199-Assignment4.app */ = {isa = PBXFileReference; explicitFileType = wrapper.application; includeInIndex = 0; path = "SENG-5199-Assignment4.app"; sourceTree = BUILT_PRODUCTS_DIR; };
		743B534C2BB78A65008665E4 /* SENG_5199_Assignment4App.swift */ = {isa = PBXFileReference; lastKnownFileType = sourcecode.swift; path = SENG_5199_Assignment4App.swift; sourceTree = "<group>"; };
		743B534E2BB78A65008665E4 /* ContentView.swift */ = {isa = PBXFileReference; lastKnownFileType = sourcecode.swift; path = ContentView.swift; sourceTree = "<group>"; };
		743B53502BB78A65008665E4 /* Item.swift */ = {isa = PBXFileReference; lastKnownFileType = sourcecode.swift; path = Item.swift; sourceTree = "<group>"; };
		743B53522BB78A66008665E4 /* Assets.xcassets */ = {isa = PBXFileReference; lastKnownFileType = folder.assetcatalog; path = Assets.xcassets; sourceTree = "<group>"; };
		743B53552BB78A66008665E4 /* Preview Assets.xcassets */ = {isa = PBXFileReference; lastKnownFileType = folder.assetcatalog; path = "Preview Assets.xcassets"; sourceTree = "<group>"; };
		743B535D2BB78BA1008665E4 /* MadLib.swift */ = {isa = PBXFileReference; lastKnownFileType = sourcecode.swift; path = MadLib.swift; sourceTree = "<group>"; };
		743B53632BB78CB1008665E4 /* MadLibService.swift */ = {isa = PBXFileReference; lastKnownFileType = sourcecode.swift; path = MadLibService.swift; sourceTree = "<group>"; };
		743B53652BB78E48008665E4 /* MadLibQuestionView.swift */ = {isa = PBXFileReference; lastKnownFileType = sourcecode.swift; path = MadLibQuestionView.swift; sourceTree = "<group>"; };
		743B53682BB79012008665E4 /* MadLibView.swift */ = {isa = PBXFileReference; lastKnownFileType = sourcecode.swift; path = MadLibView.swift; sourceTree = "<group>"; };
		743B536B2BB7909C008665E4 /* CompletedView.swift */ = {isa = PBXFileReference; lastKnownFileType = sourcecode.swift; path = CompletedView.swift; sourceTree = "<group>"; };
		743B536D2BB790A9008665E4 /* CompletedAnswerView.swift */ = {isa = PBXFileReference; lastKnownFileType = sourcecode.swift; path = CompletedAnswerView.swift; sourceTree = "<group>"; };
		743B536F2BB79182008665E4 /* MadLibResponse.swift */ = {isa = PBXFileReference; lastKnownFileType = sourcecode.swift; path = MadLibResponse.swift; sourceTree = "<group>"; };
		743B53712BB79912008665E4 /* FilledOutMadLib.swift */ = {isa = PBXFileReference; lastKnownFileType = sourcecode.swift; path = FilledOutMadLib.swift; sourceTree = "<group>"; };
		743B53732BB7A1B6008665E4 /* MadLibAnswerResponse.swift */ = {isa = PBXFileReference; lastKnownFileType = sourcecode.swift; path = MadLibAnswerResponse.swift; sourceTree = "<group>"; };
		743B53752BB8AA91008665E4 /* LoadingIndicatorView.swift */ = {isa = PBXFileReference; lastKnownFileType = sourcecode.swift; path = LoadingIndicatorView.swift; sourceTree = "<group>"; };
/* End PBXFileReference section */

/* Begin PBXFrameworksBuildPhase section */
		743B53462BB78A65008665E4 /* Frameworks */ = {
			isa = PBXFrameworksBuildPhase;
			buildActionMask = 2147483647;
			files = (
			);
			runOnlyForDeploymentPostprocessing = 0;
		};
/* End PBXFrameworksBuildPhase section */

/* Begin PBXGroup section */
		743B53402BB78A65008665E4 = {
			isa = PBXGroup;
			children = (
				743B534B2BB78A65008665E4 /* SENG-5199-Assignment4 */,
				743B534A2BB78A65008665E4 /* Products */,
			);
			sourceTree = "<group>";
		};
		743B534A2BB78A65008665E4 /* Products */ = {
			isa = PBXGroup;
			children = (
				743B53492BB78A65008665E4 /* SENG-5199-Assignment4.app */,
			);
			name = Products;
			sourceTree = "<group>";
		};
		743B534B2BB78A65008665E4 /* SENG-5199-Assignment4 */ = {
			isa = PBXGroup;
			children = (
				743B53622BB78C9B008665E4 /* Service */,
				743B53612BB78C52008665E4 /* Model */,
				743B535F2BB78C3C008665E4 /* Views */,
				743B534C2BB78A65008665E4 /* SENG_5199_Assignment4App.swift */,
				743B53522BB78A66008665E4 /* Assets.xcassets */,
				743B53542BB78A66008665E4 /* Preview Content */,
			);
			path = "SENG-5199-Assignment4";
			sourceTree = "<group>";
		};
		743B53542BB78A66008665E4 /* Preview Content */ = {
			isa = PBXGroup;
			children = (
				743B53552BB78A66008665E4 /* Preview Assets.xcassets */,
			);
			path = "Preview Content";
			sourceTree = "<group>";
		};
		743B535F2BB78C3C008665E4 /* Views */ = {
			isa = PBXGroup;
			children = (
				743B536A2BB79089008665E4 /* CompletedView */,
				743B53672BB78FCC008665E4 /* MadLibView */,
				743B534E2BB78A65008665E4 /* ContentView.swift */,
				743B53752BB8AA91008665E4 /* LoadingIndicatorView.swift */,
			);
			path = Views;
			sourceTree = "<group>";
		};
		743B53612BB78C52008665E4 /* Model */ = {
			isa = PBXGroup;
			children = (
				743B53502BB78A65008665E4 /* Item.swift */,
				743B535D2BB78BA1008665E4 /* MadLib.swift */,
				743B536F2BB79182008665E4 /* MadLibResponse.swift */,
				743B53712BB79912008665E4 /* FilledOutMadLib.swift */,
				743B53732BB7A1B6008665E4 /* MadLibAnswerResponse.swift */,
			);
			path = Model;
			sourceTree = "<group>";
		};
		743B53622BB78C9B008665E4 /* Service */ = {
			isa = PBXGroup;
			children = (
				743B53632BB78CB1008665E4 /* MadLibService.swift */,
			);
			path = Service;
			sourceTree = "<group>";
		};
		743B53672BB78FCC008665E4 /* MadLibView */ = {
			isa = PBXGroup;
			children = (
				743B53652BB78E48008665E4 /* MadLibQuestionView.swift */,
				743B53682BB79012008665E4 /* MadLibView.swift */,
			);
			path = MadLibView;
			sourceTree = "<group>";
		};
		743B536A2BB79089008665E4 /* CompletedView */ = {
			isa = PBXGroup;
			children = (
				743B536B2BB7909C008665E4 /* CompletedView.swift */,
				743B536D2BB790A9008665E4 /* CompletedAnswerView.swift */,
			);
			path = CompletedView;
			sourceTree = "<group>";
		};
/* End PBXGroup section */

/* Begin PBXNativeTarget section */
		743B53482BB78A65008665E4 /* SENG-5199-Assignment4 */ = {
			isa = PBXNativeTarget;
			buildConfigurationList = 743B53592BB78A66008665E4 /* Build configuration list for PBXNativeTarget "SENG-5199-Assignment4" */;
			buildPhases = (
				743B53452BB78A65008665E4 /* Sources */,
				743B53462BB78A65008665E4 /* Frameworks */,
				743B53472BB78A65008665E4 /* Resources */,
			);
			buildRules = (
			);
			dependencies = (
			);
			name = "SENG-5199-Assignment4";
			productName = "SENG-5199-Assignment4";
			productReference = 743B53492BB78A65008665E4 /* SENG-5199-Assignment4.app */;
			productType = "com.apple.product-type.application";
		};
/* End PBXNativeTarget section */

/* Begin PBXProject section */
		743B53412BB78A65008665E4 /* Project object */ = {
			isa = PBXProject;
			attributes = {
				BuildIndependentTargetsInParallel = 1;
				LastSwiftUpdateCheck = 1530;
				LastUpgradeCheck = 1530;
				TargetAttributes = {
					743B53482BB78A65008665E4 = {
						CreatedOnToolsVersion = 15.3;
					};
				};
			};
			buildConfigurationList = 743B53442BB78A65008665E4 /* Build configuration list for PBXProject "SENG-5199-Assignment4" */;
			compatibilityVersion = "Xcode 14.0";
			developmentRegion = en;
			hasScannedForEncodings = 0;
			knownRegions = (
				en,
				Base,
			);
			mainGroup = 743B53402BB78A65008665E4;
			productRefGroup = 743B534A2BB78A65008665E4 /* Products */;
			projectDirPath = "";
			projectRoot = "";
			targets = (
				743B53482BB78A65008665E4 /* SENG-5199-Assignment4 */,
			);
		};
/* End PBXProject section */

/* Begin PBXResourcesBuildPhase section */
		743B53472BB78A65008665E4 /* Resources */ = {
			isa = PBXResourcesBuildPhase;
			buildActionMask = 2147483647;
			files = (
				743B53562BB78A66008665E4 /* Preview Assets.xcassets in Resources */,
				743B53532BB78A66008665E4 /* Assets.xcassets in Resources */,
			);
			runOnlyForDeploymentPostprocessing = 0;
		};
/* End PBXResourcesBuildPhase section */

/* Begin PBXSourcesBuildPhase section */
		743B53452BB78A65008665E4 /* Sources */ = {
			isa = PBXSourcesBuildPhase;
			buildActionMask = 2147483647;
			files = (
				743B53762BB8AA91008665E4 /* LoadingIndicatorView.swift in Sources */,
				743B535E2BB78BA1008665E4 /* MadLib.swift in Sources */,
				743B53742BB7A1B6008665E4 /* MadLibAnswerResponse.swift in Sources */,
				743B53642BB78CB1008665E4 /* MadLibService.swift in Sources */,
				743B534F2BB78A65008665E4 /* ContentView.swift in Sources */,
				743B53722BB79912008665E4 /* FilledOutMadLib.swift in Sources */,
				743B536E2BB790A9008665E4 /* CompletedAnswerView.swift in Sources */,
				743B53512BB78A65008665E4 /* Item.swift in Sources */,
				743B53692BB79012008665E4 /* MadLibView.swift in Sources */,
				743B534D2BB78A65008665E4 /* SENG_5199_Assignment4App.swift in Sources */,
				743B53702BB79182008665E4 /* MadLibResponse.swift in Sources */,
				743B536C2BB7909C008665E4 /* CompletedView.swift in Sources */,
				743B53662BB78E48008665E4 /* MadLibQuestionView.swift in Sources */,
			);
			runOnlyForDeploymentPostprocessing = 0;
		};
/* End PBXSourcesBuildPhase section */

/* Begin XCBuildConfiguration section */
		743B53572BB78A66008665E4 /* Debug */ = {
			isa = XCBuildConfiguration;
			buildSettings = {
				ALWAYS_SEARCH_USER_PATHS = NO;
				ASSETCATALOG_COMPILER_GENERATE_SWIFT_ASSET_SYMBOL_EXTENSIONS = YES;
				CLANG_ANALYZER_NONNULL = YES;
				CLANG_ANALYZER_NUMBER_OBJECT_CONVERSION = YES_AGGRESSIVE;
				CLANG_CXX_LANGUAGE_STANDARD = "gnu++20";
				CLANG_ENABLE_MODULES = YES;
				CLANG_ENABLE_OBJC_ARC = YES;
				CLANG_ENABLE_OBJC_WEAK = YES;
				CLANG_WARN_BLOCK_CAPTURE_AUTORELEASING = YES;
				CLANG_WARN_BOOL_CONVERSION = YES;
				CLANG_WARN_COMMA = YES;
				CLANG_WARN_CONSTANT_CONVERSION = YES;
				CLANG_WARN_DEPRECATED_OBJC_IMPLEMENTATIONS = YES;
				CLANG_WARN_DIRECT_OBJC_ISA_USAGE = YES_ERROR;
				CLANG_WARN_DOCUMENTATION_COMMENTS = YES;
				CLANG_WARN_EMPTY_BODY = YES;
				CLANG_WARN_ENUM_CONVERSION = YES;
				CLANG_WARN_INFINITE_RECURSION = YES;
				CLANG_WARN_INT_CONVERSION = YES;
				CLANG_WARN_NON_LITERAL_NULL_CONVERSION = YES;
				CLANG_WARN_OBJC_IMPLICIT_RETAIN_SELF = YES;
				CLANG_WARN_OBJC_LITERAL_CONVERSION = YES;
				CLANG_WARN_OBJC_ROOT_CLASS = YES_ERROR;
				CLANG_WARN_QUOTED_INCLUDE_IN_FRAMEWORK_HEADER = YES;
				CLANG_WARN_RANGE_LOOP_ANALYSIS = YES;
				CLANG_WARN_STRICT_PROTOTYPES = YES;
				CLANG_WARN_SUSPICIOUS_MOVE = YES;
				CLANG_WARN_UNGUARDED_AVAILABILITY = YES_AGGRESSIVE;
				CLANG_WARN_UNREACHABLE_CODE = YES;
				CLANG_WARN__DUPLICATE_METHOD_MATCH = YES;
				COPY_PHASE_STRIP = NO;
				DEBUG_INFORMATION_FORMAT = dwarf;
				ENABLE_STRICT_OBJC_MSGSEND = YES;
				ENABLE_TESTABILITY = YES;
				ENABLE_USER_SCRIPT_SANDBOXING = YES;
				GCC_C_LANGUAGE_STANDARD = gnu17;
				GCC_DYNAMIC_NO_PIC = NO;
				GCC_NO_COMMON_BLOCKS = YES;
				GCC_OPTIMIZATION_LEVEL = 0;
				GCC_PREPROCESSOR_DEFINITIONS = (
					"DEBUG=1",
					"$(inherited)",
				);
				GCC_WARN_64_TO_32_BIT_CONVERSION = YES;
				GCC_WARN_ABOUT_RETURN_TYPE = YES_ERROR;
				GCC_WARN_UNDECLARED_SELECTOR = YES;
				GCC_WARN_UNINITIALIZED_AUTOS = YES_AGGRESSIVE;
				GCC_WARN_UNUSED_FUNCTION = YES;
				GCC_WARN_UNUSED_VARIABLE = YES;
				IPHONEOS_DEPLOYMENT_TARGET = 17.4;
				LOCALIZATION_PREFERS_STRING_CATALOGS = YES;
				MTL_ENABLE_DEBUG_INFO = INCLUDE_SOURCE;
				MTL_FAST_MATH = YES;
				ONLY_ACTIVE_ARCH = YES;
				SDKROOT = iphoneos;
				SWIFT_ACTIVE_COMPILATION_CONDITIONS = "DEBUG $(inherited)";
				SWIFT_OPTIMIZATION_LEVEL = "-Onone";
			};
			name = Debug;
		};
		743B53582BB78A66008665E4 /* Release */ = {
			isa = XCBuildConfiguration;
			buildSettings = {
				ALWAYS_SEARCH_USER_PATHS = NO;
				ASSETCATALOG_COMPILER_GENERATE_SWIFT_ASSET_SYMBOL_EXTENSIONS = YES;
				CLANG_ANALYZER_NONNULL = YES;
				CLANG_ANALYZER_NUMBER_OBJECT_CONVERSION = YES_AGGRESSIVE;
				CLANG_CXX_LANGUAGE_STANDARD = "gnu++20";
				CLANG_ENABLE_MODULES = YES;
				CLANG_ENABLE_OBJC_ARC = YES;
				CLANG_ENABLE_OBJC_WEAK = YES;
				CLANG_WARN_BLOCK_CAPTURE_AUTORELEASING = YES;
				CLANG_WARN_BOOL_CONVERSION = YES;
				CLANG_WARN_COMMA = YES;
				CLANG_WARN_CONSTANT_CONVERSION = YES;
				CLANG_WARN_DEPRECATED_OBJC_IMPLEMENTATIONS = YES;
				CLANG_WARN_DIRECT_OBJC_ISA_USAGE = YES_ERROR;
				CLANG_WARN_DOCUMENTATION_COMMENTS = YES;
				CLANG_WARN_EMPTY_BODY = YES;
				CLANG_WARN_ENUM_CONVERSION = YES;
				CLANG_WARN_INFINITE_RECURSION = YES;
				CLANG_WARN_INT_CONVERSION = YES;
				CLANG_WARN_NON_LITERAL_NULL_CONVERSION = YES;
				CLANG_WARN_OBJC_IMPLICIT_RETAIN_SELF = YES;
				CLANG_WARN_OBJC_LITERAL_CONVERSION = YES;
				CLANG_WARN_OBJC_ROOT_CLASS = YES_ERROR;
				CLANG_WARN_QUOTED_INCLUDE_IN_FRAMEWORK_HEADER = YES;
				CLANG_WARN_RANGE_LOOP_ANALYSIS = YES;
				CLANG_WARN_STRICT_PROTOTYPES = YES;
				CLANG_WARN_SUSPICIOUS_MOVE = YES;
				CLANG_WARN_UNGUARDED_AVAILABILITY = YES_AGGRESSIVE;
				CLANG_WARN_UNREACHABLE_CODE = YES;
				CLANG_WARN__DUPLICATE_METHOD_MATCH = YES;
				COPY_PHASE_STRIP = NO;
				DEBUG_INFORMATION_FORMAT = "dwarf-with-dsym";
				ENABLE_NS_ASSERTIONS = NO;
				ENABLE_STRICT_OBJC_MSGSEND = YES;
				ENABLE_USER_SCRIPT_SANDBOXING = YES;
				GCC_C_LANGUAGE_STANDARD = gnu17;
				GCC_NO_COMMON_BLOCKS = YES;
				GCC_WARN_64_TO_32_BIT_CONVERSION = YES;
				GCC_WARN_ABOUT_RETURN_TYPE = YES_ERROR;
				GCC_WARN_UNDECLARED_SELECTOR = YES;
				GCC_WARN_UNINITIALIZED_AUTOS = YES_AGGRESSIVE;
				GCC_WARN_UNUSED_FUNCTION = YES;
				GCC_WARN_UNUSED_VARIABLE = YES;
				IPHONEOS_DEPLOYMENT_TARGET = 17.4;
				LOCALIZATION_PREFERS_STRING_CATALOGS = YES;
				MTL_ENABLE_DEBUG_INFO = NO;
				MTL_FAST_MATH = YES;
				SDKROOT = iphoneos;
				SWIFT_COMPILATION_MODE = wholemodule;
				VALIDATE_PRODUCT = YES;
			};
			name = Release;
		};
		743B535A2BB78A66008665E4 /* Debug */ = {
			isa = XCBuildConfiguration;
			buildSettings = {
				ASSETCATALOG_COMPILER_APPICON_NAME = AppIcon;
				ASSETCATALOG_COMPILER_GLOBAL_ACCENT_COLOR_NAME = AccentColor;
				CODE_SIGN_STYLE = Automatic;
				CURRENT_PROJECT_VERSION = 1;
				DEVELOPMENT_ASSET_PATHS = "\"SENG-5199-Assignment4/Preview Content\"";
				ENABLE_PREVIEWS = YES;
				GENERATE_INFOPLIST_FILE = YES;
				INFOPLIST_KEY_UIApplicationSceneManifest_Generation = YES;
				INFOPLIST_KEY_UIApplicationSupportsIndirectInputEvents = YES;
				INFOPLIST_KEY_UILaunchScreen_Generation = YES;
				INFOPLIST_KEY_UISupportedInterfaceOrientations_iPad = "UIInterfaceOrientationPortrait UIInterfaceOrientationPortraitUpsideDown UIInterfaceOrientationLandscapeLeft UIInterfaceOrientationLandscapeRight";
				INFOPLIST_KEY_UISupportedInterfaceOrientations_iPhone = "UIInterfaceOrientationPortrait UIInterfaceOrientationLandscapeLeft UIInterfaceOrientationLandscapeRight";
				LD_RUNPATH_SEARCH_PATHS = (
					"$(inherited)",
					"@executable_path/Frameworks",
				);
				MARKETING_VERSION = 1.0;
				PRODUCT_BUNDLE_IDENTIFIER = "Org1.SENG-5199-Assignment4";
				PRODUCT_NAME = "$(TARGET_NAME)";
				SWIFT_EMIT_LOC_STRINGS = YES;
				SWIFT_VERSION = 5.0;
				TARGETED_DEVICE_FAMILY = "1,2";
			};
			name = Debug;
		};
		743B535B2BB78A66008665E4 /* Release */ = {
			isa = XCBuildConfiguration;
			buildSettings = {
				ASSETCATALOG_COMPILER_APPICON_NAME = AppIcon;
				ASSETCATALOG_COMPILER_GLOBAL_ACCENT_COLOR_NAME = AccentColor;
				CODE_SIGN_STYLE = Automatic;
				CURRENT_PROJECT_VERSION = 1;
				DEVELOPMENT_ASSET_PATHS = "\"SENG-5199-Assignment4/Preview Content\"";
				ENABLE_PREVIEWS = YES;
				GENERATE_INFOPLIST_FILE = YES;
				INFOPLIST_KEY_UIApplicationSceneManifest_Generation = YES;
				INFOPLIST_KEY_UIApplicationSupportsIndirectInputEvents = YES;
				INFOPLIST_KEY_UILaunchScreen_Generation = YES;
				INFOPLIST_KEY_UISupportedInterfaceOrientations_iPad = "UIInterfaceOrientationPortrait UIInterfaceOrientationPortraitUpsideDown UIInterfaceOrientationLandscapeLeft UIInterfaceOrientationLandscapeRight";
				INFOPLIST_KEY_UISupportedInterfaceOrientations_iPhone = "UIInterfaceOrientationPortrait UIInterfaceOrientationLandscapeLeft UIInterfaceOrientationLandscapeRight";
				LD_RUNPATH_SEARCH_PATHS = (
					"$(inherited)",
					"@executable_path/Frameworks",
				);
				MARKETING_VERSION = 1.0;
				PRODUCT_BUNDLE_IDENTIFIER = "Org1.SENG-5199-Assignment4";
				PRODUCT_NAME = "$(TARGET_NAME)";
				SWIFT_EMIT_LOC_STRINGS = YES;
				SWIFT_VERSION = 5.0;
				TARGETED_DEVICE_FAMILY = "1,2";
			};
			name = Release;
		};
/* End XCBuildConfiguration section */

/* Begin XCConfigurationList section */
		743B53442BB78A65008665E4 /* Build configuration list for PBXProject "SENG-5199-Assignment4" */ = {
			isa = XCConfigurationList;
			buildConfigurations = (
				743B53572BB78A66008665E4 /* Debug */,
				743B53582BB78A66008665E4 /* Release */,
			);
			defaultConfigurationIsVisible = 0;
			defaultConfigurationName = Release;
		};
		743B53592BB78A66008665E4 /* Build configuration list for PBXNativeTarget "SENG-5199-Assignment4" */ = {
			isa = XCConfigurationList;
			buildConfigurations = (
				743B535A2BB78A66008665E4 /* Debug */,
				743B535B2BB78A66008665E4 /* Release */,
			);
			defaultConfigurationIsVisible = 0;
			defaultConfigurationName = Release;
		};
/* End XCConfigurationList section */
	};
	rootObject = 743B53412BB78A65008665E4 /* Project object */;
}
